
Microsoft Visual Studio Solution File, Format Version 12.00
# Visual Studio Version 16
VisualStudioVersion = 16.0.30717.126
MinimumVisualStudioVersion = 10.0.40219.1
Project("{888888A0-9F3D-457C-B088-3A5042F75D52}") = "chat_2020", "chat_2020.pyproj", "{A93642D3-ED16-4BC3-A365-E238020CA103}"
EndProject
Global
	GlobalSection(SolutionConfigurationPlatforms) = preSolution
		Debug|Any CPU = Debug|Any CPU
		Release|Any CPU = Release|Any CPU
	EndGlobalSection
	GlobalSection(ProjectConfigurationPlatforms) = postSolution
		{A93642D3-ED16-4BC3-A365-E238020CA103}.Debug|Any CPU.ActiveCfg = Debug|Any CPU
		{A93642D3-ED16-4BC3-A365-E238020CA103}.Release|Any CPU.ActiveCfg = Release|Any CPU
	EndGlobalSection
	GlobalSection(SolutionProperties) = preSolution
		HideSolutionNode = FALSE
	EndGlobalSection
	GlobalSection(ExtensibilityGlobals) = postSolution
		SolutionGuid = {21D20E6F-8FE0-4E0E-9A89-62513A371243}
	EndGlobalSection
EndGlobal
